
Microsoft Visual Studio Solution File, Format Version 12.00
# Visual Studio Version 16
VisualStudioVersion = 16.0.30717.126
MinimumVisualStudioVersion = 10.0.40219.1
Project("{2150E333-8FDC-42A3-9474-1A3956D46DE8}") = "src", "src", "{D91FFB74-93FC-46CF-8338-7D1E94E8F4CF}"
EndProject
Project("{2150E333-8FDC-42A3-9474-1A3956D46DE8}") = "Catalog", "Catalog", "{26BC1063-1F93-47B9-89FE-484B3F74B19F}"
EndProject
Project("{9A19103F-16F7-4668-BE54-9A1E7A4F7556}") = "Catalog.API", "src\Catalog\Catalog.API\Catalog.API.csproj", "{876BAC21-2663-4913-AD22-832E73917E7F}"
EndProject
Project("{E53339B2-1760-4266-BCC7-CA923CBCF16C}") = "docker-compose", "docker-compose.dcproj", "{80C4C1A9-47AB-48E9-BC61-506364FE5D9B}"
EndProject
Project("{2150E333-8FDC-42A3-9474-1A3956D46DE8}") = "Basket", "Basket", "{72961943-EC6C-42EE-A07D-4A2FC6DA0070}"
EndProject
Project("{9A19103F-16F7-4668-BE54-9A1E7A4F7556}") = "Basket.API", "src\Basket.API\Basket.API.csproj", "{4945C38C-F6CB-4798-B4F0-A6682E16AB2A}"
EndProject
Project("{2150E333-8FDC-42A3-9474-1A3956D46DE8}") = "Common", "Common", "{D7F3D1F1-49D0-4923-898E-AFB7BA30C9F2}"
EndProject
Project("{9A19103F-16F7-4668-BE54-9A1E7A4F7556}") = "EventBusRabbitMQ", "src\Common\EventBusRabbitMQ\EventBusRabbitMQ.csproj", "{2F00D658-4659-4D48-819C-2EE4511E8106}"
EndProject
Project("{2150E333-8FDC-42A3-9474-1A3956D46DE8}") = "Ordering", "Ordering", "{DB95B598-7413-4DE3-8513-54EEA04B153F}"
EndProject
Project("{9A19103F-16F7-4668-BE54-9A1E7A4F7556}") = "Ordering.API", "src\Ordering\Ordering.API\Ordering.API.csproj", "{39999F51-415F-42DB-A004-1B7195692C77}"
EndProject
Project("{9A19103F-16F7-4668-BE54-9A1E7A4F7556}") = "Ordering.Core", "src\Ordering\Ordering.Core\Ordering.Core.csproj", "{9CE72866-E368-4F5C-975E-3DC6E0E8CCE3}"
EndProject
Project("{9A19103F-16F7-4668-BE54-9A1E7A4F7556}") = "Ordering.Infrastracture", "src\Ordering\Ordering.Infrastracture\Ordering.Infrastracture.csproj", "{DD877A6B-5657-4504-B895-DBD53330B3A0}"
EndProject
Project("{9A19103F-16F7-4668-BE54-9A1E7A4F7556}") = "Ordering.Application", "src\Ordering\Ordering.Application\Ordering.Application.csproj", "{B0E06428-3421-4CAC-8072-216EFBF4E4C5}"
EndProject
Project("{2150E333-8FDC-42A3-9474-1A3956D46DE8}") = "APIGetaway", "APIGetaway", "{1BB1B69D-5F90-4B97-BA35-0AC735699FA2}"
EndProject
Project("{FAE04EC0-301F-11D3-BF4B-00C04F79EFBC}") = "OcelotAPIGetaway", "src\APIGetaway\OcelotAPIGetaway\OcelotAPIGetaway.csproj", "{1CF5F5CA-BB2E-44FB-B6FD-9C18D1F37866}"
EndProject
Project("{2150E333-8FDC-42A3-9474-1A3956D46DE8}") = "WebApp", "WebApp", "{279F5852-FC2C-4182-9AE5-20E15DC39229}"
EndProject
Project("{9A19103F-16F7-4668-BE54-9A1E7A4F7556}") = "AspnetRunBasics", "src\WebApp\AspnetRunBasics\AspnetRunBasics.csproj", "{2DCD212E-CB9F-4FC3-BC14-3BB8595A3404}"
EndProject
Global
	GlobalSection(SolutionConfigurationPlatforms) = preSolution
		Debug|Any CPU = Debug|Any CPU
		Release|Any CPU = Release|Any CPU
	EndGlobalSection
	GlobalSection(ProjectConfigurationPlatforms) = postSolution
		{876BAC21-2663-4913-AD22-832E73917E7F}.Debug|Any CPU.ActiveCfg = Debug|Any CPU
		{876BAC21-2663-4913-AD22-832E73917E7F}.Debug|Any CPU.Build.0 = Debug|Any CPU
		{876BAC21-2663-4913-AD22-832E73917E7F}.Release|Any CPU.ActiveCfg = Release|Any CPU
		{876BAC21-2663-4913-AD22-832E73917E7F}.Release|Any CPU.Build.0 = Release|Any CPU
		{80C4C1A9-47AB-48E9-BC61-506364FE5D9B}.Debug|Any CPU.ActiveCfg = Debug|Any CPU
		{80C4C1A9-47AB-48E9-BC61-506364FE5D9B}.Debug|Any CPU.Build.0 = Debug|Any CPU
		{80C4C1A9-47AB-48E9-BC61-506364FE5D9B}.Release|Any CPU.ActiveCfg = Release|Any CPU
		{80C4C1A9-47AB-48E9-BC61-506364FE5D9B}.Release|Any CPU.Build.0 = Release|Any CPU
		{4945C38C-F6CB-4798-B4F0-A6682E16AB2A}.Debug|Any CPU.ActiveCfg = Debug|Any CPU
		{4945C38C-F6CB-4798-B4F0-A6682E16AB2A}.Debug|Any CPU.Build.0 = Debug|Any CPU
		{4945C38C-F6CB-4798-B4F0-A6682E16AB2A}.Release|Any CPU.ActiveCfg = Release|Any CPU
		{4945C38C-F6CB-4798-B4F0-A6682E16AB2A}.Release|Any CPU.Build.0 = Release|Any CPU
		{2F00D658-4659-4D48-819C-2EE4511E8106}.Debug|Any CPU.ActiveCfg = Debug|Any CPU
		{2F00D658-4659-4D48-819C-2EE4511E8106}.Debug|Any CPU.Build.0 = Debug|Any CPU
		{2F00D658-4659-4D48-819C-2EE4511E8106}.Release|Any CPU.ActiveCfg = Release|Any CPU
		{2F00D658-4659-4D48-819C-2EE4511E8106}.Release|Any CPU.Build.0 = Release|Any CPU
		{39999F51-415F-42DB-A004-1B7195692C77}.Debug|Any CPU.ActiveCfg = Debug|Any CPU
		{39999F51-415F-42DB-A004-1B7195692C77}.Debug|Any CPU.Build.0 = Debug|Any CPU
		{39999F51-415F-42DB-A004-1B7195692C77}.Release|Any CPU.ActiveCfg = Release|Any CPU
		{39999F51-415F-42DB-A004-1B7195692C77}.Release|Any CPU.Build.0 = Release|Any CPU
		{9CE72866-E368-4F5C-975E-3DC6E0E8CCE3}.Debug|Any CPU.ActiveCfg = Debug|Any CPU
		{9CE72866-E368-4F5C-975E-3DC6E0E8CCE3}.Debug|Any CPU.Build.0 = Debug|Any CPU
		{9CE72866-E368-4F5C-975E-3DC6E0E8CCE3}.Release|Any CPU.ActiveCfg = Release|Any CPU
		{9CE72866-E368-4F5C-975E-3DC6E0E8CCE3}.Release|Any CPU.Build.0 = Release|Any CPU
		{DD877A6B-5657-4504-B895-DBD53330B3A0}.Debug|Any CPU.ActiveCfg = Debug|Any CPU
		{DD877A6B-5657-4504-B895-DBD53330B3A0}.Debug|Any CPU.Build.0 = Debug|Any CPU
		{DD877A6B-5657-4504-B895-DBD53330B3A0}.Release|Any CPU.ActiveCfg = Release|Any CPU
		{DD877A6B-5657-4504-B895-DBD53330B3A0}.Release|Any CPU.Build.0 = Release|Any CPU
		{B0E06428-3421-4CAC-8072-216EFBF4E4C5}.Debug|Any CPU.ActiveCfg = Debug|Any CPU
		{B0E06428-3421-4CAC-8072-216EFBF4E4C5}.Debug|Any CPU.Build.0 = Debug|Any CPU
		{B0E06428-3421-4CAC-8072-216EFBF4E4C5}.Release|Any CPU.ActiveCfg = Release|Any CPU
		{B0E06428-3421-4CAC-8072-216EFBF4E4C5}.Release|Any CPU.Build.0 = Release|Any CPU
		{1CF5F5CA-BB2E-44FB-B6FD-9C18D1F37866}.Debug|Any CPU.ActiveCfg = Debug|Any CPU
		{1CF5F5CA-BB2E-44FB-B6FD-9C18D1F37866}.Debug|Any CPU.Build.0 = Debug|Any CPU
		{1CF5F5CA-BB2E-44FB-B6FD-9C18D1F37866}.Release|Any CPU.ActiveCfg = Release|Any CPU
		{1CF5F5CA-BB2E-44FB-B6FD-9C18D1F37866}.Release|Any CPU.Build.0 = Release|Any CPU
		{2DCD212E-CB9F-4FC3-BC14-3BB8595A3404}.Debug|Any CPU.ActiveCfg = Debug|Any CPU
		{2DCD212E-CB9F-4FC3-BC14-3BB8595A3404}.Debug|Any CPU.Build.0 = Debug|Any CPU
		{2DCD212E-CB9F-4FC3-BC14-3BB8595A3404}.Release|Any CPU.ActiveCfg = Release|Any CPU
		{2DCD212E-CB9F-4FC3-BC14-3BB8595A3404}.Release|Any CPU.Build.0 = Release|Any CPU
	EndGlobalSection
	GlobalSection(SolutionProperties) = preSolution
		HideSolutionNode = FALSE
	EndGlobalSection
	GlobalSection(NestedProjects) = preSolution
		{26BC1063-1F93-47B9-89FE-484B3F74B19F} = {D91FFB74-93FC-46CF-8338-7D1E94E8F4CF}
		{876BAC21-2663-4913-AD22-832E73917E7F} = {26BC1063-1F93-47B9-89FE-484B3F74B19F}
		{72961943-EC6C-42EE-A07D-4A2FC6DA0070} = {D91FFB74-93FC-46CF-8338-7D1E94E8F4CF}
		{4945C38C-F6CB-4798-B4F0-A6682E16AB2A} = {72961943-EC6C-42EE-A07D-4A2FC6DA0070}
		{D7F3D1F1-49D0-4923-898E-AFB7BA30C9F2} = {D91FFB74-93FC-46CF-8338-7D1E94E8F4CF}
		{2F00D658-4659-4D48-819C-2EE4511E8106} = {D7F3D1F1-49D0-4923-898E-AFB7BA30C9F2}
		{DB95B598-7413-4DE3-8513-54EEA04B153F} = {D91FFB74-93FC-46CF-8338-7D1E94E8F4CF}
		{39999F51-415F-42DB-A004-1B7195692C77} = {DB95B598-7413-4DE3-8513-54EEA04B153F}
		{9CE72866-E368-4F5C-975E-3DC6E0E8CCE3} = {DB95B598-7413-4DE3-8513-54EEA04B153F}
		{DD877A6B-5657-4504-B895-DBD53330B3A0} = {DB95B598-7413-4DE3-8513-54EEA04B153F}
		{B0E06428-3421-4CAC-8072-216EFBF4E4C5} = {DB95B598-7413-4DE3-8513-54EEA04B153F}
		{1BB1B69D-5F90-4B97-BA35-0AC735699FA2} = {D91FFB74-93FC-46CF-8338-7D1E94E8F4CF}
		{1CF5F5CA-BB2E-44FB-B6FD-9C18D1F37866} = {1BB1B69D-5F90-4B97-BA35-0AC735699FA2}
		{279F5852-FC2C-4182-9AE5-20E15DC39229} = {D91FFB74-93FC-46CF-8338-7D1E94E8F4CF}
		{2DCD212E-CB9F-4FC3-BC14-3BB8595A3404} = {279F5852-FC2C-4182-9AE5-20E15DC39229}
	EndGlobalSection
	GlobalSection(ExtensibilityGlobals) = postSolution
		SolutionGuid = {1014B9C3-C65A-411E-84FC-91DA11DB5D19}
	EndGlobalSection
EndGlobal
